<?xml version="1.0" encoding="utf-8"?>
<Project ToolsVersion="4.0" xmlns="http://schemas.microsoft.com/developer/msbuild/2003">
  <ItemGroup>
    <Filter Include="Исходные файлы">
      <UniqueIdentifier>{4FC737F1-C7A5-4376-A066-2A32D752A2FF}</UniqueIdentifier>
      <Extensions>cpp;c;cc;cxx;def;odl;idl;hpj;bat;asm;asmx</Extensions>
    </Filter>
    <Filter Include="Файлы заголовков">
      <UniqueIdentifier>{93995380-89BD-4b04-88EB-625FBE52EBFB}</UniqueIdentifier>
      <Extensions>h;hh;hpp;hxx;hm;inl;inc;ipp;xsd</Extensions>
    </Filter>
    <Filter Include="Файлы ресурсов">
      <UniqueIdentifier>{67DA6AB6-F800-4c08-8B7A-83BB121AAD01}</UniqueIdentifier>
      <Extensions>rc;ico;cur;bmp;dlg;rc2;rct;bin;rgs;gif;jpg;jpeg;jpe;resx;tiff;tif;png;wav;mfcribbon-ms</Extensions>
    </Filter>
    <Filter Include="ezdlib">
      <UniqueIdentifier>{d12a882c-1b86-45c9-b38e-d4f0cbecbdfe}</UniqueIdentifier>
    </Filter>
    <Filter Include="jpeg">
      <UniqueIdentifier>{9ed6915d-92a5-4953-b112-8aa036e1a020}</UniqueIdentifier>
    </Filter>
  </ItemGroup>
  <ItemGroup>
    <ClCompile Include="graphics.cpp">
      <Filter>Исходные файлы</Filter>
    </ClCompile>
    <ClCompile Include="ezdlib\color.cpp">
      <Filter>ezdlib</Filter>
    </ClCompile>
  </ItemGroup>
  <ItemGroup>
    <ClInclude Include="ezdlib\api.h">
      <Filter>ezdlib</Filter>
    </ClInclude>
    <ClInclude Include="ezdlib\canvas.h">
      <Filter>ezdlib</Filter>
    </ClInclude>
    <ClInclude Include="ezdlib\color.h">
      <Filter>ezdlib</Filter>
    </ClInclude>
    <ClInclude Include="ezdlib\config.h">
      <Filter>ezdlib</Filter>
    </ClInclude>
    <ClInclude Include="ezdlib\exception.h">
      <Filter>ezdlib</Filter>
    </ClInclude>
    <ClInclude Include="ezdlib\font.h">
      <Filter>ezdlib</Filter>
    </ClInclude>
    <ClInclude Include="ezdlib\functions.h">
      <Filter>ezdlib</Filter>
    </ClInclude>
    <ClInclude Include="canvas.h">
      <Filter>Файлы заголовков</Filter>
    </ClInclude>
    <ClInclude Include="color.h">
      <Filter>Файлы заголовков</Filter>
    </ClInclude>
    <ClInclude Include="font.h">
      <Filter>Файлы заголовков</Filter>
    </ClInclude>
    <ClInclude Include="functions.h">
      <Filter>Файлы заголовков</Filter>
    </ClInclude>
    <ClInclude Include="graphics.h">
      <Filter>Файлы заголовков</Filter>
    </ClInclude>
    <ClInclude Include="position.h">
      <Filter>Файлы заголовков</Filter>
    </ClInclude>
    <ClInclude Include="size.h">
      <Filter>Файлы заголовков</Filter>
    </ClInclude>
    <ClInclude Include="jpeg\decoder.h">
      <Filter>jpeg</Filter>
    </ClInclude>
    <ClInclude Include="jpeg\encoder.h">
      <Filter>jpeg</Filter>
    </ClInclude>
    <ClInclude Include="decoder.h">
      <Filter>Файлы заголовков</Filter>
    </ClInclude>
    <ClInclude Include="encoder.h">
      <Filter>Файлы заголовков</Filter>
    </ClInclude>
    <ClInclude Include="jpeg\api.h">
      <Filter>jpeg</Filter>
    </ClInclude>
    <ClInclude Include="jpeg\config.h">
      <Filter>jpeg</Filter>
    </ClInclude>
    <ClInclude Include="jpeg\functions.h">
      <Filter>jpeg</Filter>
    </ClInclude>
    <ClInclude Include="jpeg\exception.h">
      <Filter>jpeg</Filter>
    </ClInclude>
    <ClInclude Include="exception.h">
      <Filter>Файлы заголовков</Filter>
    </ClInclude>
    <ClInclude Include="jpeg\stream.h">
      <Filter>jpeg</Filter>
    </ClInclude>
    <ClInclude Include="jpeg\memory_stream.h">
      <Filter>jpeg</Filter>
    </ClInclude>
    <ClInclude Include="config.h">
      <Filter>Файлы заголовков</Filter>
    </ClInclude>
  </ItemGroup>
</Project>